
Microsoft Visual Studio Solution File, Format Version 12.00
# Visual Studio Version 17
VisualStudioVersion = 17.12.35514.174 d17.12
MinimumVisualStudioVersion = 10.0.40219.1
Project("{D2ABAB84-BF74-430A-B69E-9DC6D40DDA17}") = "Edumall_Cube", "Edumall_Cube\Edumall_Cube.dwproj", "{22B67708-8F17-41CE-B46F-49E2B4D25091}"
EndProject
Global
	GlobalSection(SolutionConfigurationPlatforms) = preSolution
		Development|Default = Development|Default
	EndGlobalSection
	GlobalSection(ProjectConfigurationPlatforms) = postSolution
		{22B67708-8F17-41CE-B46F-49E2B4D25091}.Development|Default.ActiveCfg = Development
		{22B67708-8F17-41CE-B46F-49E2B4D25091}.Development|Default.Build.0 = Development
		{22B67708-8F17-41CE-B46F-49E2B4D25091}.Development|Default.Deploy.0 = Development
	EndGlobalSection
	GlobalSection(SolutionProperties) = preSolution
		HideSolutionNode = FALSE
	EndGlobalSection
EndGlobal
